
Microsoft Visual Studio Solution File, Format Version 12.00
Project("{FAE04EC0-301F-11D3-BF4B-00C04F79EFBC}") = "Visitor", "Visitor\Visitor.csproj", "{3846F116-23E9-4DDF-A38A-D09A8A04975A}"
EndProject
Global
	GlobalSection(SolutionConfigurationPlatforms) = preSolution
		Debug|Any CPU = Debug|Any CPU
		Release|Any CPU = Release|Any CPU
	EndGlobalSection
	GlobalSection(ProjectConfigurationPlatforms) = postSolution
		{3846F116-23E9-4DDF-A38A-D09A8A04975A}.Debug|Any CPU.ActiveCfg = Debug|Any CPU
		{3846F116-23E9-4DDF-A38A-D09A8A04975A}.Debug|Any CPU.Build.0 = Debug|Any CPU
		{3846F116-23E9-4DDF-A38A-D09A8A04975A}.Release|Any CPU.ActiveCfg = Release|Any CPU
		{3846F116-23E9-4DDF-A38A-D09A8A04975A}.Release|Any CPU.Build.0 = Release|Any CPU
	EndGlobalSection
EndGlobal
