
Microsoft Visual Studio Solution File, Format Version 12.00
Project("{FAE04EC0-301F-11D3-BF4B-00C04F79EFBC}") = "State", "State\State.csproj", "{17DF57EA-5F79-46BB-A825-E41ADC129BA4}"
EndProject
Global
	GlobalSection(SolutionConfigurationPlatforms) = preSolution
		Debug|Any CPU = Debug|Any CPU
		Release|Any CPU = Release|Any CPU
	EndGlobalSection
	GlobalSection(ProjectConfigurationPlatforms) = postSolution
		{17DF57EA-5F79-46BB-A825-E41ADC129BA4}.Debug|Any CPU.ActiveCfg = Debug|Any CPU
		{17DF57EA-5F79-46BB-A825-E41ADC129BA4}.Debug|Any CPU.Build.0 = Debug|Any CPU
		{17DF57EA-5F79-46BB-A825-E41ADC129BA4}.Release|Any CPU.ActiveCfg = Release|Any CPU
		{17DF57EA-5F79-46BB-A825-E41ADC129BA4}.Release|Any CPU.Build.0 = Release|Any CPU
	EndGlobalSection
EndGlobal
